
Microsoft Visual Studio Solution File, Format Version 12.00
# Visual Studio Version 16
VisualStudioVersion = 16.0.30114.105
MinimumVisualStudioVersion = 10.0.40219.1
Project("{FAE04EC0-301F-11D3-BF4B-00C04F79EFBC}") = "RotaMi", "RotaMi\RotaMi.csproj", "{408514A5-A62E-4A1D-AC85-A08238765439}"
EndProject
Project("{FAE04EC0-301F-11D3-BF4B-00C04F79EFBC}") = "RotaMi.Tests", "RotaMi.Tests\RotaMi.Tests.csproj", "{D129942A-6F8C-4065-85B5-582BDFD89D0F}"
EndProject
Global
	GlobalSection(SolutionConfigurationPlatforms) = preSolution
		Debug|Any CPU = Debug|Any CPU
		Release|Any CPU = Release|Any CPU
	EndGlobalSection
	GlobalSection(ProjectConfigurationPlatforms) = postSolution
		{408514A5-A62E-4A1D-AC85-A08238765439}.Debug|Any CPU.ActiveCfg = Debug|Any CPU
		{408514A5-A62E-4A1D-AC85-A08238765439}.Debug|Any CPU.Build.0 = Debug|Any CPU
		{408514A5-A62E-4A1D-AC85-A08238765439}.Release|Any CPU.ActiveCfg = Release|Any CPU
		{408514A5-A62E-4A1D-AC85-A08238765439}.Release|Any CPU.Build.0 = Release|Any CPU
		{D129942A-6F8C-4065-85B5-582BDFD89D0F}.Debug|Any CPU.ActiveCfg = Debug|Any CPU
		{D129942A-6F8C-4065-85B5-582BDFD89D0F}.Debug|Any CPU.Build.0 = Debug|Any CPU
		{D129942A-6F8C-4065-85B5-582BDFD89D0F}.Release|Any CPU.ActiveCfg = Release|Any CPU
		{D129942A-6F8C-4065-85B5-582BDFD89D0F}.Release|Any CPU.Build.0 = Release|Any CPU
	EndGlobalSection
	GlobalSection(SolutionProperties) = preSolution
		HideSolutionNode = FALSE
	EndGlobalSection
	GlobalSection(ExtensibilityGlobals) = postSolution
		SolutionGuid = {38110EC8-80FE-489C-9C65-F9FC0E9FFF4F}
	EndGlobalSection
EndGlobal
